
Microsoft Visual Studio Solution File, Format Version 12.00
Project("{FAE04EC0-301F-11D3-BF4B-00C04F79EFBC}") = "Kpa.Assessment.WebApi", "Kpa.Assessment.WebApi\Kpa.Assessment.WebApi.csproj", "{21BB023A-C9CB-4F52-83A8-EA5F84C45ECD}"
EndProject
Global
	GlobalSection(SolutionConfigurationPlatforms) = preSolution
		Debug|Any CPU = Debug|Any CPU
		Release|Any CPU = Release|Any CPU
	EndGlobalSection
	GlobalSection(ProjectConfigurationPlatforms) = postSolution
		{21BB023A-C9CB-4F52-83A8-EA5F84C45ECD}.Debug|Any CPU.ActiveCfg = Debug|Any CPU
		{21BB023A-C9CB-4F52-83A8-EA5F84C45ECD}.Debug|Any CPU.Build.0 = Debug|Any CPU
		{21BB023A-C9CB-4F52-83A8-EA5F84C45ECD}.Release|Any CPU.ActiveCfg = Release|Any CPU
		{21BB023A-C9CB-4F52-83A8-EA5F84C45ECD}.Release|Any CPU.Build.0 = Release|Any CPU
	EndGlobalSection
EndGlobal
